
Microsoft Visual Studio Solution File, Format Version 12.00
# Visual Studio Version 16
VisualStudioVersion = 16.0.29411.108
MinimumVisualStudioVersion = 10.0.40219.1
Project("{FAE04EC0-301F-11D3-BF4B-00C04F79EFBC}") = "DemoHisaab2", "DemoHisaab2.csproj", "{1E196AE5-3BCE-46CE-AFBF-E5C141BDCE22}"
EndProject
Global
	GlobalSection(SolutionConfigurationPlatforms) = preSolution
		Debug|Any CPU = Debug|Any CPU
		Release|Any CPU = Release|Any CPU
	EndGlobalSection
	GlobalSection(ProjectConfigurationPlatforms) = postSolution
		{1E196AE5-3BCE-46CE-AFBF-E5C141BDCE22}.Debug|Any CPU.ActiveCfg = Debug|Any CPU
		{1E196AE5-3BCE-46CE-AFBF-E5C141BDCE22}.Debug|Any CPU.Build.0 = Debug|Any CPU
		{1E196AE5-3BCE-46CE-AFBF-E5C141BDCE22}.Release|Any CPU.ActiveCfg = Release|Any CPU
		{1E196AE5-3BCE-46CE-AFBF-E5C141BDCE22}.Release|Any CPU.Build.0 = Release|Any CPU
	EndGlobalSection
	GlobalSection(SolutionProperties) = preSolution
		HideSolutionNode = FALSE
	EndGlobalSection
	GlobalSection(ExtensibilityGlobals) = postSolution
		SolutionGuid = {EA05ACC6-6CC1-404F-843C-A8461BF96D66}
	EndGlobalSection
EndGlobal
